// !$*UTF8*$!
{
	archiveVersion = 1;
	classes = {
	};
	objectVersion = 55;
	objects = {

/* Begin PBXBuildFile section */
		7A9EAD2BCDC6FE6D2FF77DB3 /* Pods_FitPlant_WatchKit_Extension.framework in Frameworks */ = {isa = PBXBuildFile; fileRef = 508D1F1C06FA72646C916B85 /* Pods_FitPlant_WatchKit_Extension.framework */; };
		DDFF874CC79C9A6371ADACEA /* Pods_FitPlant_WatchKit_App.framework in Frameworks */ = {isa = PBXBuildFile; fileRef = BB1478D17EA1C4BBB052E955 /* Pods_FitPlant_WatchKit_App.framework */; };
		E1B7B004271C27DF001F1624 /* FirebaseDatabase in Frameworks */ = {isa = PBXBuildFile; productRef = E1B7B003271C27DF001F1624 /* FirebaseDatabase */; };
		E1B7B007271C2993001F1624 /* WatchOsCoreData.xcdatamodeld in Sources */ = {isa = PBXBuildFile; fileRef = E1B7B005271C2993001F1624 /* WatchOsCoreData.xcdatamodeld */; };
		E1E919AC271A5DF6008F2394 /* AppDelegate.swift in Sources */ = {isa = PBXBuildFile; fileRef = E1E919AB271A5DF6008F2394 /* AppDelegate.swift */; };
		E1E919AE271A5DF6008F2394 /* SceneDelegate.swift in Sources */ = {isa = PBXBuildFile; fileRef = E1E919AD271A5DF6008F2394 /* SceneDelegate.swift */; };
		E1E919B0271A5DF6008F2394 /* ViewController.swift in Sources */ = {isa = PBXBuildFile; fileRef = E1E919AF271A5DF6008F2394 /* ViewController.swift */; };
		E1E919B3271A5DF6008F2394 /* Main.storyboard in Resources */ = {isa = PBXBuildFile; fileRef = E1E919B1271A5DF6008F2394 /* Main.storyboard */; };
		E1E919B5271A5DF8008F2394 /* Assets.xcassets in Resources */ = {isa = PBXBuildFile; fileRef = E1E919B4271A5DF8008F2394 /* Assets.xcassets */; };
		E1E919B8271A5DF8008F2394 /* LaunchScreen.storyboard in Resources */ = {isa = PBXBuildFile; fileRef = E1E919B6271A5DF8008F2394 /* LaunchScreen.storyboard */; };
		E1E919BD271A5DF9008F2394 /* FitPlant WatchKit App.app in Embed Watch Content */ = {isa = PBXBuildFile; fileRef = E1E919BC271A5DF9008F2394 /* FitPlant WatchKit App.app */; settings = {ATTRIBUTES = (RemoveHeadersOnCopy, ); }; };
		E1E919C3271A5DF9008F2394 /* Interface.storyboard in Resources */ = {isa = PBXBuildFile; fileRef = E1E919C1271A5DF9008F2394 /* Interface.storyboard */; };
		E1E919C5271A5DFA008F2394 /* Assets.xcassets in Resources */ = {isa = PBXBuildFile; fileRef = E1E919C4271A5DFA008F2394 /* Assets.xcassets */; };
		E1E919CB271A5DFA008F2394 /* FitPlant WatchKit Extension.appex in Embed App Extensions */ = {isa = PBXBuildFile; fileRef = E1E919CA271A5DFA008F2394 /* FitPlant WatchKit Extension.appex */; settings = {ATTRIBUTES = (RemoveHeadersOnCopy, ); }; };
		E1E919D0271A5DFA008F2394 /* InterfaceController.swift in Sources */ = {isa = PBXBuildFile; fileRef = E1E919CF271A5DFA008F2394 /* InterfaceController.swift */; };
		E1E919D2271A5DFA008F2394 /* ExtensionDelegate.swift in Sources */ = {isa = PBXBuildFile; fileRef = E1E919D1271A5DFA008F2394 /* ExtensionDelegate.swift */; };
		E1E919D4271A5DFA008F2394 /* ComplicationController.swift in Sources */ = {isa = PBXBuildFile; fileRef = E1E919D3271A5DFA008F2394 /* ComplicationController.swift */; };
		E1E919D6271A5DFB008F2394 /* Assets.xcassets in Resources */ = {isa = PBXBuildFile; fileRef = E1E919D5271A5DFB008F2394 /* Assets.xcassets */; };
		E1E919E7271A9430008F2394 /* HealthKit.framework in Frameworks */ = {isa = PBXBuildFile; fileRef = E1E919E6271A9430008F2394 /* HealthKit.framework */; };
		E1E919EA271AA35A008F2394 /* HealthKit.framework in Frameworks */ = {isa = PBXBuildFile; fileRef = E1E919E9271AA35A008F2394 /* HealthKit.framework */; };
		F71161253D97DA5A858D791D /* Pods_FitPlant.framework in Frameworks */ = {isa = PBXBuildFile; fileRef = 7724FDF6FDF8469DE0E54225 /* Pods_FitPlant.framework */; };
/* End PBXBuildFile section */

/* Begin PBXContainerItemProxy section */
		E1E919BE271A5DF9008F2394 /* PBXContainerItemProxy */ = {
			isa = PBXContainerItemProxy;
			containerPortal = E1E919A0271A5DF5008F2394 /* Project object */;
			proxyType = 1;
			remoteGlobalIDString = E1E919BB271A5DF9008F2394;
			remoteInfo = "FitPlant WatchKit App";
		};
		E1E919CC271A5DFA008F2394 /* PBXContainerItemProxy */ = {
			isa = PBXContainerItemProxy;
			containerPortal = E1E919A0271A5DF5008F2394 /* Project object */;
			proxyType = 1;
			remoteGlobalIDString = E1E919C9271A5DFA008F2394;
			remoteInfo = "FitPlant WatchKit Extension";
		};
/* End PBXContainerItemProxy section */

/* Begin PBXCopyFilesBuildPhase section */
		E1E919DD271A5DFB008F2394 /* Embed App Extensions */ = {
			isa = PBXCopyFilesBuildPhase;
			buildActionMask = 2147483647;
			dstPath = "";
			dstSubfolderSpec = 13;
			files = (
				E1E919CB271A5DFA008F2394 /* FitPlant WatchKit Extension.appex in Embed App Extensions */,
			);
			name = "Embed App Extensions";
			runOnlyForDeploymentPostprocessing = 0;
		};
		E1E919E1271A5DFB008F2394 /* Embed Watch Content */ = {
			isa = PBXCopyFilesBuildPhase;
			buildActionMask = 2147483647;
			dstPath = "$(CONTENTS_FOLDER_PATH)/Watch";
			dstSubfolderSpec = 16;
			files = (
				E1E919BD271A5DF9008F2394 /* FitPlant WatchKit App.app in Embed Watch Content */,
			);
			name = "Embed Watch Content";
			runOnlyForDeploymentPostprocessing = 0;
		};
/* End PBXCopyFilesBuildPhase section */

/* Begin PBXFileReference section */
		508D1F1C06FA72646C916B85 /* Pods_FitPlant_WatchKit_Extension.framework */ = {isa = PBXFileReference; explicitFileType = wrapper.framework; includeInIndex = 0; path = Pods_FitPlant_WatchKit_Extension.framework; sourceTree = BUILT_PRODUCTS_DIR; };
		5CC797E476BD0F9281B2A6CF /* Pods-FitPlant WatchKit App.debug.xcconfig */ = {isa = PBXFileReference; includeInIndex = 1; lastKnownFileType = text.xcconfig; name = "Pods-FitPlant WatchKit App.debug.xcconfig"; path = "Target Support Files/Pods-FitPlant WatchKit App/Pods-FitPlant WatchKit App.debug.xcconfig"; sourceTree = "<group>"; };
		5CD9CA5D2E1F513C22C2C0EA /* Pods-FitPlant.debug.xcconfig */ = {isa = PBXFileReference; includeInIndex = 1; lastKnownFileType = text.xcconfig; name = "Pods-FitPlant.debug.xcconfig"; path = "Target Support Files/Pods-FitPlant/Pods-FitPlant.debug.xcconfig"; sourceTree = "<group>"; };
		7724FDF6FDF8469DE0E54225 /* Pods_FitPlant.framework */ = {isa = PBXFileReference; explicitFileType = wrapper.framework; includeInIndex = 0; path = Pods_FitPlant.framework; sourceTree = BUILT_PRODUCTS_DIR; };
		A05FCE1F971BB6E37F49BDF6 /* Pods-FitPlant.release.xcconfig */ = {isa = PBXFileReference; includeInIndex = 1; lastKnownFileType = text.xcconfig; name = "Pods-FitPlant.release.xcconfig"; path = "Target Support Files/Pods-FitPlant/Pods-FitPlant.release.xcconfig"; sourceTree = "<group>"; };
		ADC5251C221863AC6754EFD0 /* Pods-FitPlant WatchKit App.release.xcconfig */ = {isa = PBXFileReference; includeInIndex = 1; lastKnownFileType = text.xcconfig; name = "Pods-FitPlant WatchKit App.release.xcconfig"; path = "Target Support Files/Pods-FitPlant WatchKit App/Pods-FitPlant WatchKit App.release.xcconfig"; sourceTree = "<group>"; };
		BB1478D17EA1C4BBB052E955 /* Pods_FitPlant_WatchKit_App.framework */ = {isa = PBXFileReference; explicitFileType = wrapper.framework; includeInIndex = 0; path = Pods_FitPlant_WatchKit_App.framework; sourceTree = BUILT_PRODUCTS_DIR; };
		BDB3E00E9BCCF6C7B0A96F3B /* Pods-FitPlant WatchKit Extension.release.xcconfig */ = {isa = PBXFileReference; includeInIndex = 1; lastKnownFileType = text.xcconfig; name = "Pods-FitPlant WatchKit Extension.release.xcconfig"; path = "Target Support Files/Pods-FitPlant WatchKit Extension/Pods-FitPlant WatchKit Extension.release.xcconfig"; sourceTree = "<group>"; };
		D792B9CA073ED96E281BFCD7 /* Pods-FitPlant WatchKit Extension.debug.xcconfig */ = {isa = PBXFileReference; includeInIndex = 1; lastKnownFileType = text.xcconfig; name = "Pods-FitPlant WatchKit Extension.debug.xcconfig"; path = "Target Support Files/Pods-FitPlant WatchKit Extension/Pods-FitPlant WatchKit Extension.debug.xcconfig"; sourceTree = "<group>"; };
		E1B7B006271C2993001F1624 /* WatchOsCoreData.xcdatamodel */ = {isa = PBXFileReference; lastKnownFileType = wrapper.xcdatamodel; path = WatchOsCoreData.xcdatamodel; sourceTree = "<group>"; };
		E1E919A8271A5DF6008F2394 /* FitPlant.app */ = {isa = PBXFileReference; explicitFileType = wrapper.application; includeInIndex = 0; path = FitPlant.app; sourceTree = BUILT_PRODUCTS_DIR; };
		E1E919AB271A5DF6008F2394 /* AppDelegate.swift */ = {isa = PBXFileReference; lastKnownFileType = sourcecode.swift; path = AppDelegate.swift; sourceTree = "<group>"; };
		E1E919AD271A5DF6008F2394 /* SceneDelegate.swift */ = {isa = PBXFileReference; lastKnownFileType = sourcecode.swift; path = SceneDelegate.swift; sourceTree = "<group>"; };
		E1E919AF271A5DF6008F2394 /* ViewController.swift */ = {isa = PBXFileReference; lastKnownFileType = sourcecode.swift; path = ViewController.swift; sourceTree = "<group>"; };
		E1E919B2271A5DF6008F2394 /* Base */ = {isa = PBXFileReference; lastKnownFileType = file.storyboard; name = Base; path = Base.lproj/Main.storyboard; sourceTree = "<group>"; };
		E1E919B4271A5DF8008F2394 /* Assets.xcassets */ = {isa = PBXFileReference; lastKnownFileType = folder.assetcatalog; path = Assets.xcassets; sourceTree = "<group>"; };
		E1E919B7271A5DF8008F2394 /* Base */ = {isa = PBXFileReference; lastKnownFileType = file.storyboard; name = Base; path = Base.lproj/LaunchScreen.storyboard; sourceTree = "<group>"; };
		E1E919B9271A5DF8008F2394 /* Info.plist */ = {isa = PBXFileReference; lastKnownFileType = text.plist.xml; path = Info.plist; sourceTree = "<group>"; };
		E1E919BC271A5DF9008F2394 /* FitPlant WatchKit App.app */ = {isa = PBXFileReference; explicitFileType = wrapper.application; includeInIndex = 0; path = "FitPlant WatchKit App.app"; sourceTree = BUILT_PRODUCTS_DIR; };
		E1E919C2271A5DF9008F2394 /* Base */ = {isa = PBXFileReference; lastKnownFileType = file.storyboard; name = Base; path = Base.lproj/Interface.storyboard; sourceTree = "<group>"; };
		E1E919C4271A5DFA008F2394 /* Assets.xcassets */ = {isa = PBXFileReference; lastKnownFileType = folder.assetcatalog; path = Assets.xcassets; sourceTree = "<group>"; };
		E1E919CA271A5DFA008F2394 /* FitPlant WatchKit Extension.appex */ = {isa = PBXFileReference; explicitFileType = "wrapper.app-extension"; includeInIndex = 0; path = "FitPlant WatchKit Extension.appex"; sourceTree = BUILT_PRODUCTS_DIR; };
		E1E919CF271A5DFA008F2394 /* InterfaceController.swift */ = {isa = PBXFileReference; lastKnownFileType = sourcecode.swift; path = InterfaceController.swift; sourceTree = "<group>"; };
		E1E919D1271A5DFA008F2394 /* ExtensionDelegate.swift */ = {isa = PBXFileReference; lastKnownFileType = sourcecode.swift; path = ExtensionDelegate.swift; sourceTree = "<group>"; };
		E1E919D3271A5DFA008F2394 /* ComplicationController.swift */ = {isa = PBXFileReference; lastKnownFileType = sourcecode.swift; path = ComplicationController.swift; sourceTree = "<group>"; };
		E1E919D5271A5DFB008F2394 /* Assets.xcassets */ = {isa = PBXFileReference; lastKnownFileType = folder.assetcatalog; path = Assets.xcassets; sourceTree = "<group>"; };
		E1E919D7271A5DFB008F2394 /* Info.plist */ = {isa = PBXFileReference; lastKnownFileType = text.plist.xml; path = Info.plist; sourceTree = "<group>"; };
		E1E919E5271A9430008F2394 /* FitPlant.entitlements */ = {isa = PBXFileReference; lastKnownFileType = text.plist.entitlements; path = FitPlant.entitlements; sourceTree = "<group>"; };
		E1E919E6271A9430008F2394 /* HealthKit.framework */ = {isa = PBXFileReference; lastKnownFileType = wrapper.framework; name = HealthKit.framework; path = Platforms/iPhoneOS.platform/Developer/SDKs/iPhoneOS15.0.sdk/System/Library/Frameworks/HealthKit.framework; sourceTree = DEVELOPER_DIR; };
		E1E919E8271AA35A008F2394 /* FitPlant WatchKit Extension.entitlements */ = {isa = PBXFileReference; lastKnownFileType = text.plist.entitlements; path = "FitPlant WatchKit Extension.entitlements"; sourceTree = "<group>"; };
		E1E919E9271AA35A008F2394 /* HealthKit.framework */ = {isa = PBXFileReference; lastKnownFileType = wrapper.framework; name = HealthKit.framework; path = Platforms/WatchOS.platform/Developer/SDKs/WatchOS8.0.sdk/System/Library/Frameworks/HealthKit.framework; sourceTree = DEVELOPER_DIR; };
/* End PBXFileReference section */

/* Begin PBXFrameworksBuildPhase section */
		E1E919A5271A5DF6008F2394 /* Frameworks */ = {
			isa = PBXFrameworksBuildPhase;
			buildActionMask = 2147483647;
			files = (
				E1B7B004271C27DF001F1624 /* FirebaseDatabase in Frameworks */,
				F71161253D97DA5A858D791D /* Pods_FitPlant.framework in Frameworks */,
				E1E919E7271A9430008F2394 /* HealthKit.framework in Frameworks */,
			);
			runOnlyForDeploymentPostprocessing = 0;
		};
		E1E919C7271A5DFA008F2394 /* Frameworks */ = {
			isa = PBXFrameworksBuildPhase;
			buildActionMask = 2147483647;
			files = (
				7A9EAD2BCDC6FE6D2FF77DB3 /* Pods_FitPlant_WatchKit_Extension.framework in Frameworks */,
				E1E919EA271AA35A008F2394 /* HealthKit.framework in Frameworks */,
			);
			runOnlyForDeploymentPostprocessing = 0;
		};
		ED6D7DC55B618F9987EE8D98 /* Frameworks */ = {
			isa = PBXFrameworksBuildPhase;
			buildActionMask = 2147483647;
			files = (
				DDFF874CC79C9A6371ADACEA /* Pods_FitPlant_WatchKit_App.framework in Frameworks */,
			);
			runOnlyForDeploymentPostprocessing = 0;
		};
/* End PBXFrameworksBuildPhase section */

/* Begin PBXGroup section */
		2E6405269D274EE1A3201DCD /* Pods */ = {
			isa = PBXGroup;
			children = (
				5CD9CA5D2E1F513C22C2C0EA /* Pods-FitPlant.debug.xcconfig */,
				A05FCE1F971BB6E37F49BDF6 /* Pods-FitPlant.release.xcconfig */,
				5CC797E476BD0F9281B2A6CF /* Pods-FitPlant WatchKit App.debug.xcconfig */,
				ADC5251C221863AC6754EFD0 /* Pods-FitPlant WatchKit App.release.xcconfig */,
				D792B9CA073ED96E281BFCD7 /* Pods-FitPlant WatchKit Extension.debug.xcconfig */,
				BDB3E00E9BCCF6C7B0A96F3B /* Pods-FitPlant WatchKit Extension.release.xcconfig */,
			);
			path = Pods;
			sourceTree = "<group>";
		};
		5033890CCA19708F05B0F3F5 /* Frameworks */ = {
			isa = PBXGroup;
			children = (
				E1E919E9271AA35A008F2394 /* HealthKit.framework */,
				E1E919E6271A9430008F2394 /* HealthKit.framework */,
				7724FDF6FDF8469DE0E54225 /* Pods_FitPlant.framework */,
				BB1478D17EA1C4BBB052E955 /* Pods_FitPlant_WatchKit_App.framework */,
				508D1F1C06FA72646C916B85 /* Pods_FitPlant_WatchKit_Extension.framework */,
			);
			name = Frameworks;
			sourceTree = "<group>";
		};
		E1E9199F271A5DF5008F2394 = {
			isa = PBXGroup;
			children = (
				E1E919AA271A5DF6008F2394 /* FitPlant */,
				E1E919C0271A5DF9008F2394 /* FitPlant WatchKit App */,
				E1E919CE271A5DFA008F2394 /* FitPlant WatchKit Extension */,
				E1E919A9271A5DF6008F2394 /* Products */,
				2E6405269D274EE1A3201DCD /* Pods */,
				5033890CCA19708F05B0F3F5 /* Frameworks */,
			);
			sourceTree = "<group>";
		};
		E1E919A9271A5DF6008F2394 /* Products */ = {
			isa = PBXGroup;
			children = (
				E1E919A8271A5DF6008F2394 /* FitPlant.app */,
				E1E919BC271A5DF9008F2394 /* FitPlant WatchKit App.app */,
				E1E919CA271A5DFA008F2394 /* FitPlant WatchKit Extension.appex */,
			);
			name = Products;
			sourceTree = "<group>";
		};
		E1E919AA271A5DF6008F2394 /* FitPlant */ = {
			isa = PBXGroup;
			children = (
				E1E919E5271A9430008F2394 /* FitPlant.entitlements */,
				E1E919AB271A5DF6008F2394 /* AppDelegate.swift */,
				E1E919AD271A5DF6008F2394 /* SceneDelegate.swift */,
				E1E919AF271A5DF6008F2394 /* ViewController.swift */,
				E1E919B1271A5DF6008F2394 /* Main.storyboard */,
				E1E919B4271A5DF8008F2394 /* Assets.xcassets */,
				E1E919B6271A5DF8008F2394 /* LaunchScreen.storyboard */,
				E1E919B9271A5DF8008F2394 /* Info.plist */,
			);
			path = FitPlant;
			sourceTree = "<group>";
		};
		E1E919C0271A5DF9008F2394 /* FitPlant WatchKit App */ = {
			isa = PBXGroup;
			children = (
				E1E919C1271A5DF9008F2394 /* Interface.storyboard */,
				E1E919C4271A5DFA008F2394 /* Assets.xcassets */,
			);
			path = "FitPlant WatchKit App";
			sourceTree = "<group>";
		};
		E1E919CE271A5DFA008F2394 /* FitPlant WatchKit Extension */ = {
			isa = PBXGroup;
			children = (
				E1E919E8271AA35A008F2394 /* FitPlant WatchKit Extension.entitlements */,
				E1E919CF271A5DFA008F2394 /* InterfaceController.swift */,
				E1E919D1271A5DFA008F2394 /* ExtensionDelegate.swift */,
				E1E919D3271A5DFA008F2394 /* ComplicationController.swift */,
				E1E919D5271A5DFB008F2394 /* Assets.xcassets */,
				E1E919D7271A5DFB008F2394 /* Info.plist */,
				E1B7B005271C2993001F1624 /* WatchOsCoreData.xcdatamodeld */,
			);
			path = "FitPlant WatchKit Extension";
			sourceTree = "<group>";
		};
/* End PBXGroup section */

/* Begin PBXNativeTarget section */
		E1E919A7271A5DF6008F2394 /* FitPlant */ = {
			isa = PBXNativeTarget;
			buildConfigurationList = E1E919E2271A5DFB008F2394 /* Build configuration list for PBXNativeTarget "FitPlant" */;
			buildPhases = (
				EDA53D90639F77E2874C4CAB /* [CP] Check Pods Manifest.lock */,
				E1E919A4271A5DF6008F2394 /* Sources */,
				E1E919A5271A5DF6008F2394 /* Frameworks */,
				E1E919A6271A5DF6008F2394 /* Resources */,
				E1E919E1271A5DFB008F2394 /* Embed Watch Content */,
			);
			buildRules = (
			);
			dependencies = (
				E1E919BF271A5DF9008F2394 /* PBXTargetDependency */,
			);
			name = FitPlant;
			packageProductDependencies = (
				E1B7B003271C27DF001F1624 /* FirebaseDatabase */,
			);
			productName = FitPlant;
			productReference = E1E919A8271A5DF6008F2394 /* FitPlant.app */;
			productType = "com.apple.product-type.application";
		};
		E1E919BB271A5DF9008F2394 /* FitPlant WatchKit App */ = {
			isa = PBXNativeTarget;
			buildConfigurationList = E1E919DE271A5DFB008F2394 /* Build configuration list for PBXNativeTarget "FitPlant WatchKit App" */;
			buildPhases = (
				378A0832CB55C653EF175136 /* [CP] Check Pods Manifest.lock */,
				E1E919BA271A5DF9008F2394 /* Resources */,
				E1E919DD271A5DFB008F2394 /* Embed App Extensions */,
				ED6D7DC55B618F9987EE8D98 /* Frameworks */,
			);
			buildRules = (
			);
			dependencies = (
				E1E919CD271A5DFA008F2394 /* PBXTargetDependency */,
			);
			name = "FitPlant WatchKit App";
			productName = "FitPlant WatchKit App";
			productReference = E1E919BC271A5DF9008F2394 /* FitPlant WatchKit App.app */;
			productType = "com.apple.product-type.application.watchapp2";
		};
		E1E919C9271A5DFA008F2394 /* FitPlant WatchKit Extension */ = {
			isa = PBXNativeTarget;
			buildConfigurationList = E1E919DA271A5DFB008F2394 /* Build configuration list for PBXNativeTarget "FitPlant WatchKit Extension" */;
			buildPhases = (
				2EBDF1249D7F1504EF534E29 /* [CP] Check Pods Manifest.lock */,
				E1E919C6271A5DFA008F2394 /* Sources */,
				E1E919C7271A5DFA008F2394 /* Frameworks */,
				E1E919C8271A5DFA008F2394 /* Resources */,
				2E1EEA5F2439FF0BDD930C98 /* [CP] Embed Pods Frameworks */,
			);
			buildRules = (
			);
			dependencies = (
			);
			name = "FitPlant WatchKit Extension";
			productName = "FitPlant WatchKit Extension";
			productReference = E1E919CA271A5DFA008F2394 /* FitPlant WatchKit Extension.appex */;
			productType = "com.apple.product-type.watchkit2-extension";
		};
/* End PBXNativeTarget section */

/* Begin PBXProject section */
		E1E919A0271A5DF5008F2394 /* Project object */ = {
			isa = PBXProject;
			attributes = {
				BuildIndependentTargetsInParallel = 1;
				LastSwiftUpdateCheck = 1300;
				LastUpgradeCheck = 1300;
				TargetAttributes = {
					E1E919A7271A5DF6008F2394 = {
						CreatedOnToolsVersion = 13.0;
					};
					E1E919BB271A5DF9008F2394 = {
						CreatedOnToolsVersion = 13.0;
					};
					E1E919C9271A5DFA008F2394 = {
						CreatedOnToolsVersion = 13.0;
					};
				};
			};
			buildConfigurationList = E1E919A3271A5DF5008F2394 /* Build configuration list for PBXProject "FitPlant" */;
			compatibilityVersion = "Xcode 13.0";
			developmentRegion = en;
			hasScannedForEncodings = 0;
			knownRegions = (
				en,
				Base,
			);
			mainGroup = E1E9199F271A5DF5008F2394;
			packageReferences = (
				E1B7B002271C27DF001F1624 /* XCRemoteSwiftPackageReference "firebase-ios-sdk" */,
			);
			productRefGroup = E1E919A9271A5DF6008F2394 /* Products */;
			projectDirPath = "";
			projectRoot = "";
			targets = (
				E1E919A7271A5DF6008F2394 /* FitPlant */,
				E1E919BB271A5DF9008F2394 /* FitPlant WatchKit App */,
				E1E919C9271A5DFA008F2394 /* FitPlant WatchKit Extension */,
			);
		};
/* End PBXProject section */

/* Begin PBXResourcesBuildPhase section */
		E1E919A6271A5DF6008F2394 /* Resources */ = {
			isa = PBXResourcesBuildPhase;
			buildActionMask = 2147483647;
			files = (
				E1E919B8271A5DF8008F2394 /* LaunchScreen.storyboard in Resources */,
				E1E919B5271A5DF8008F2394 /* Assets.xcassets in Resources */,
				E1E919B3271A5DF6008F2394 /* Main.storyboard in Resources */,
			);
			runOnlyForDeploymentPostprocessing = 0;
		};
		E1E919BA271A5DF9008F2394 /* Resources */ = {
			isa = PBXResourcesBuildPhase;
			buildActionMask = 2147483647;
			files = (
				E1E919C5271A5DFA008F2394 /* Assets.xcassets in Resources */,
				E1E919C3271A5DF9008F2394 /* Interface.storyboard in Resources */,
			);
			runOnlyForDeploymentPostprocessing = 0;
		};
		E1E919C8271A5DFA008F2394 /* Resources */ = {
			isa = PBXResourcesBuildPhase;
			buildActionMask = 2147483647;
			files = (
				E1E919D6271A5DFB008F2394 /* Assets.xcassets in Resources */,
			);
			runOnlyForDeploymentPostprocessing = 0;
		};
/* End PBXResourcesBuildPhase section */

/* Begin PBXShellScriptBuildPhase section */
		2E1EEA5F2439FF0BDD930C98 /* [CP] Embed Pods Frameworks */ = {
			isa = PBXShellScriptBuildPhase;
			buildActionMask = 2147483647;
			files = (
			);
			inputFileListPaths = (
				"${PODS_ROOT}/Target Support Files/Pods-FitPlant WatchKit Extension/Pods-FitPlant WatchKit Extension-frameworks-${CONFIGURATION}-input-files.xcfilelist",
			);
			name = "[CP] Embed Pods Frameworks";
			outputFileListPaths = (
				"${PODS_ROOT}/Target Support Files/Pods-FitPlant WatchKit Extension/Pods-FitPlant WatchKit Extension-frameworks-${CONFIGURATION}-output-files.xcfilelist",
			);
			runOnlyForDeploymentPostprocessing = 0;
			shellPath = /bin/sh;
			shellScript = "\"${PODS_ROOT}/Target Support Files/Pods-FitPlant WatchKit Extension/Pods-FitPlant WatchKit Extension-frameworks.sh\"\n";
			showEnvVarsInLog = 0;
		};
		2EBDF1249D7F1504EF534E29 /* [CP] Check Pods Manifest.lock */ = {
			isa = PBXShellScriptBuildPhase;
			buildActionMask = 2147483647;
			files = (
			);
			inputFileListPaths = (
			);
			inputPaths = (
				"${PODS_PODFILE_DIR_PATH}/Podfile.lock",
				"${PODS_ROOT}/Manifest.lock",
			);
			name = "[CP] Check Pods Manifest.lock";
			outputFileListPaths = (
			);
			outputPaths = (
				"$(DERIVED_FILE_DIR)/Pods-FitPlant WatchKit Extension-checkManifestLockResult.txt",
			);
			runOnlyForDeploymentPostprocessing = 0;
			shellPath = /bin/sh;
			shellScript = "diff \"${PODS_PODFILE_DIR_PATH}/Podfile.lock\" \"${PODS_ROOT}/Manifest.lock\" > /dev/null\nif [ $? != 0 ] ; then\n    # print error to STDERR\n    echo \"error: The sandbox is not in sync with the Podfile.lock. Run 'pod install' or update your CocoaPods installation.\" >&2\n    exit 1\nfi\n# This output is used by Xcode 'outputs' to avoid re-running this script phase.\necho \"SUCCESS\" > \"${SCRIPT_OUTPUT_FILE_0}\"\n";
			showEnvVarsInLog = 0;
		};
		378A0832CB55C653EF175136 /* [CP] Check Pods Manifest.lock */ = {
			isa = PBXShellScriptBuildPhase;
			buildActionMask = 2147483647;
			files = (
			);
			inputFileListPaths = (
			);
			inputPaths = (
				"${PODS_PODFILE_DIR_PATH}/Podfile.lock",
				"${PODS_ROOT}/Manifest.lock",
			);
			name = "[CP] Check Pods Manifest.lock";
			outputFileListPaths = (
			);
			outputPaths = (
				"$(DERIVED_FILE_DIR)/Pods-FitPlant WatchKit App-checkManifestLockResult.txt",
			);
			runOnlyForDeploymentPostprocessing = 0;
			shellPath = /bin/sh;
			shellScript = "diff \"${PODS_PODFILE_DIR_PATH}/Podfile.lock\" \"${PODS_ROOT}/Manifest.lock\" > /dev/null\nif [ $? != 0 ] ; then\n    # print error to STDERR\n    echo \"error: The sandbox is not in sync with the Podfile.lock. Run 'pod install' or update your CocoaPods installation.\" >&2\n    exit 1\nfi\n# This output is used by Xcode 'outputs' to avoid re-running this script phase.\necho \"SUCCESS\" > \"${SCRIPT_OUTPUT_FILE_0}\"\n";
			showEnvVarsInLog = 0;
		};
		EDA53D90639F77E2874C4CAB /* [CP] Check Pods Manifest.lock */ = {
			isa = PBXShellScriptBuildPhase;
			buildActionMask = 2147483647;
			files = (
			);
			inputFileListPaths = (
			);
			inputPaths = (
				"${PODS_PODFILE_DIR_PATH}/Podfile.lock",
				"${PODS_ROOT}/Manifest.lock",
			);
			name = "[CP] Check Pods Manifest.lock";
			outputFileListPaths = (
			);
			outputPaths = (
				"$(DERIVED_FILE_DIR)/Pods-FitPlant-checkManifestLockResult.txt",
			);
			runOnlyForDeploymentPostprocessing = 0;
			shellPath = /bin/sh;
			shellScript = "diff \"${PODS_PODFILE_DIR_PATH}/Podfile.lock\" \"${PODS_ROOT}/Manifest.lock\" > /dev/null\nif [ $? != 0 ] ; then\n    # print error to STDERR\n    echo \"error: The sandbox is not in sync with the Podfile.lock. Run 'pod install' or update your CocoaPods installation.\" >&2\n    exit 1\nfi\n# This output is used by Xcode 'outputs' to avoid re-running this script phase.\necho \"SUCCESS\" > \"${SCRIPT_OUTPUT_FILE_0}\"\n";
			showEnvVarsInLog = 0;
		};
/* End PBXShellScriptBuildPhase section */

/* Begin PBXSourcesBuildPhase section */
		E1E919A4271A5DF6008F2394 /* Sources */ = {
			isa = PBXSourcesBuildPhase;
			buildActionMask = 2147483647;
			files = (
				E1E919B0271A5DF6008F2394 /* ViewController.swift in Sources */,
				E1E919AC271A5DF6008F2394 /* AppDelegate.swift in Sources */,
				E1E919AE271A5DF6008F2394 /* SceneDelegate.swift in Sources */,
			);
			runOnlyForDeploymentPostprocessing = 0;
		};
		E1E919C6271A5DFA008F2394 /* Sources */ = {
			isa = PBXSourcesBuildPhase;
			buildActionMask = 2147483647;
			files = (
				E1B7B007271C2993001F1624 /* WatchOsCoreData.xcdatamodeld in Sources */,
				E1E919D2271A5DFA008F2394 /* ExtensionDelegate.swift in Sources */,
				E1E919D0271A5DFA008F2394 /* InterfaceController.swift in Sources */,
				E1E919D4271A5DFA008F2394 /* ComplicationController.swift in Sources */,
			);
			runOnlyForDeploymentPostprocessing = 0;
		};
/* End PBXSourcesBuildPhase section */

/* Begin PBXTargetDependency section */
		E1E919BF271A5DF9008F2394 /* PBXTargetDependency */ = {
			isa = PBXTargetDependency;
			target = E1E919BB271A5DF9008F2394 /* FitPlant WatchKit App */;
			targetProxy = E1E919BE271A5DF9008F2394 /* PBXContainerItemProxy */;
		};
		E1E919CD271A5DFA008F2394 /* PBXTargetDependency */ = {
			isa = PBXTargetDependency;
			target = E1E919C9271A5DFA008F2394 /* FitPlant WatchKit Extension */;
			targetProxy = E1E919CC271A5DFA008F2394 /* PBXContainerItemProxy */;
		};
/* End PBXTargetDependency section */

/* Begin PBXVariantGroup section */
		E1E919B1271A5DF6008F2394 /* Main.storyboard */ = {
			isa = PBXVariantGroup;
			children = (
				E1E919B2271A5DF6008F2394 /* Base */,
			);
			name = Main.storyboard;
			sourceTree = "<group>";
		};
		E1E919B6271A5DF8008F2394 /* LaunchScreen.storyboard */ = {
			isa = PBXVariantGroup;
			children = (
				E1E919B7271A5DF8008F2394 /* Base */,
			);
			name = LaunchScreen.storyboard;
			sourceTree = "<group>";
		};
		E1E919C1271A5DF9008F2394 /* Interface.storyboard */ = {
			isa = PBXVariantGroup;
			children = (
				E1E919C2271A5DF9008F2394 /* Base */,
			);
			name = Interface.storyboard;
			sourceTree = "<group>";
		};
/* End PBXVariantGroup section */

/* Begin XCBuildConfiguration section */
		E1E919D8271A5DFB008F2394 /* Debug */ = {
			isa = XCBuildConfiguration;
			buildSettings = {
				ALWAYS_SEARCH_USER_PATHS = NO;
				CLANG_ANALYZER_NONNULL = YES;
				CLANG_ANALYZER_NUMBER_OBJECT_CONVERSION = YES_AGGRESSIVE;
				CLANG_CXX_LANGUAGE_STANDARD = "gnu++17";
				CLANG_CXX_LIBRARY = "libc++";
				CLANG_ENABLE_MODULES = YES;
				CLANG_ENABLE_OBJC_ARC = YES;
				CLANG_ENABLE_OBJC_WEAK = YES;
				CLANG_WARN_BLOCK_CAPTURE_AUTORELEASING = YES;
				CLANG_WARN_BOOL_CONVERSION = YES;
				CLANG_WARN_COMMA = YES;
				CLANG_WARN_CONSTANT_CONVERSION = YES;
				CLANG_WARN_DEPRECATED_OBJC_IMPLEMENTATIONS = YES;
				CLANG_WARN_DIRECT_OBJC_ISA_USAGE = YES_ERROR;
				CLANG_WARN_DOCUMENTATION_COMMENTS = YES;
				CLANG_WARN_EMPTY_BODY = YES;
				CLANG_WARN_ENUM_CONVERSION = YES;
				CLANG_WARN_INFINITE_RECURSION = YES;
				CLANG_WARN_INT_CONVERSION = YES;
				CLANG_WARN_NON_LITERAL_NULL_CONVERSION = YES;
				CLANG_WARN_OBJC_IMPLICIT_RETAIN_SELF = YES;
				CLANG_WARN_OBJC_LITERAL_CONVERSION = YES;
				CLANG_WARN_OBJC_ROOT_CLASS = YES_ERROR;
				CLANG_WARN_QUOTED_INCLUDE_IN_FRAMEWORK_HEADER = YES;
				CLANG_WARN_RANGE_LOOP_ANALYSIS = YES;
				CLANG_WARN_STRICT_PROTOTYPES = YES;
				CLANG_WARN_SUSPICIOUS_MOVE = YES;
				CLANG_WARN_UNGUARDED_AVAILABILITY = YES_AGGRESSIVE;
				CLANG_WARN_UNREACHABLE_CODE = YES;
				CLANG_WARN__DUPLICATE_METHOD_MATCH = YES;
				COPY_PHASE_STRIP = NO;
				DEBUG_INFORMATION_FORMAT = dwarf;
				ENABLE_STRICT_OBJC_MSGSEND = YES;
				ENABLE_TESTABILITY = YES;
				GCC_C_LANGUAGE_STANDARD = gnu11;
				GCC_DYNAMIC_NO_PIC = NO;
				GCC_NO_COMMON_BLOCKS = YES;
				GCC_OPTIMIZATION_LEVEL = 0;
				GCC_PREPROCESSOR_DEFINITIONS = (
					"DEBUG=1",
					"$(inherited)",
				);
				GCC_WARN_64_TO_32_BIT_CONVERSION = YES;
				GCC_WARN_ABOUT_RETURN_TYPE = YES_ERROR;
				GCC_WARN_UNDECLARED_SELECTOR = YES;
				GCC_WARN_UNINITIALIZED_AUTOS = YES_AGGRESSIVE;
				GCC_WARN_UNUSED_FUNCTION = YES;
				GCC_WARN_UNUSED_VARIABLE = YES;
				MTL_ENABLE_DEBUG_INFO = INCLUDE_SOURCE;
				MTL_FAST_MATH = YES;
				ONLY_ACTIVE_ARCH = YES;
				SWIFT_ACTIVE_COMPILATION_CONDITIONS = DEBUG;
				SWIFT_OPTIMIZATION_LEVEL = "-Onone";
			};
			name = Debug;
		};
		E1E919D9271A5DFB008F2394 /* Release */ = {
			isa = XCBuildConfiguration;
			buildSettings = {
				ALWAYS_SEARCH_USER_PATHS = NO;
				CLANG_ANALYZER_NONNULL = YES;
				CLANG_ANALYZER_NUMBER_OBJECT_CONVERSION = YES_AGGRESSIVE;
				CLANG_CXX_LANGUAGE_STANDARD = "gnu++17";
				CLANG_CXX_LIBRARY = "libc++";
				CLANG_ENABLE_MODULES = YES;
				CLANG_ENABLE_OBJC_ARC = YES;
				CLANG_ENABLE_OBJC_WEAK = YES;
				CLANG_WARN_BLOCK_CAPTURE_AUTORELEASING = YES;
				CLANG_WARN_BOOL_CONVERSION = YES;
				CLANG_WARN_COMMA = YES;
				CLANG_WARN_CONSTANT_CONVERSION = YES;
				CLANG_WARN_DEPRECATED_OBJC_IMPLEMENTATIONS = YES;
				CLANG_WARN_DIRECT_OBJC_ISA_USAGE = YES_ERROR;
				CLANG_WARN_DOCUMENTATION_COMMENTS = YES;
				CLANG_WARN_EMPTY_BODY = YES;
				CLANG_WARN_ENUM_CONVERSION = YES;
				CLANG_WARN_INFINITE_RECURSION = YES;
				CLANG_WARN_INT_CONVERSION = YES;
				CLANG_WARN_NON_LITERAL_NULL_CONVERSION = YES;
				CLANG_WARN_OBJC_IMPLICIT_RETAIN_SELF = YES;
				CLANG_WARN_OBJC_LITERAL_CONVERSION = YES;
				CLANG_WARN_OBJC_ROOT_CLASS = YES_ERROR;
				CLANG_WARN_QUOTED_INCLUDE_IN_FRAMEWORK_HEADER = YES;
				CLANG_WARN_RANGE_LOOP_ANALYSIS = YES;
				CLANG_WARN_STRICT_PROTOTYPES = YES;
				CLANG_WARN_SUSPICIOUS_MOVE = YES;
				CLANG_WARN_UNGUARDED_AVAILABILITY = YES_AGGRESSIVE;
				CLANG_WARN_UNREACHABLE_CODE = YES;
				CLANG_WARN__DUPLICATE_METHOD_MATCH = YES;
				COPY_PHASE_STRIP = NO;
				DEBUG_INFORMATION_FORMAT = "dwarf-with-dsym";
				ENABLE_NS_ASSERTIONS = NO;
				ENABLE_STRICT_OBJC_MSGSEND = YES;
				GCC_C_LANGUAGE_STANDARD = gnu11;
				GCC_NO_COMMON_BLOCKS = YES;
				GCC_WARN_64_TO_32_BIT_CONVERSION = YES;
				GCC_WARN_ABOUT_RETURN_TYPE = YES_ERROR;
				GCC_WARN_UNDECLARED_SELECTOR = YES;
				GCC_WARN_UNINITIALIZED_AUTOS = YES_AGGRESSIVE;
				GCC_WARN_UNUSED_FUNCTION = YES;
				GCC_WARN_UNUSED_VARIABLE = YES;
				MTL_ENABLE_DEBUG_INFO = NO;
				MTL_FAST_MATH = YES;
				SWIFT_COMPILATION_MODE = wholemodule;
				SWIFT_OPTIMIZATION_LEVEL = "-O";
			};
			name = Release;
		};
		E1E919DB271A5DFB008F2394 /* Debug */ = {
			isa = XCBuildConfiguration;
			baseConfigurationReference = D792B9CA073ED96E281BFCD7 /* Pods-FitPlant WatchKit Extension.debug.xcconfig */;
			buildSettings = {
				ASSETCATALOG_COMPILER_COMPLICATION_NAME = Complication;
				CODE_SIGN_ENTITLEMENTS = "FitPlant WatchKit Extension/FitPlant WatchKit Extension.entitlements";
				CODE_SIGN_STYLE = Automatic;
				CURRENT_PROJECT_VERSION = 1;
				DEVELOPMENT_TEAM = JAFM26WWR8;
				GENERATE_INFOPLIST_FILE = YES;
				INFOPLIST_FILE = "FitPlant WatchKit Extension/Info.plist";
				INFOPLIST_KEY_CFBundleDisplayName = "FitPlant WatchKit Extension";
				INFOPLIST_KEY_CLKComplicationPrincipalClass = FitPlant_WatchKit_Extension.ComplicationController;
				INFOPLIST_KEY_NSHealthShareUsageDescription = "FitPlant uses Health data to track daily steps.";
				INFOPLIST_KEY_NSHealthUpdateUsageDescription = "FitPlant uses Health data to track daily steps.";
				INFOPLIST_KEY_NSHumanReadableCopyright = "";
				INFOPLIST_KEY_WKExtensionDelegateClassName = FitPlant_WatchKit_Extension.ExtensionDelegate;
				INFOPLIST_KEY_WKRunsIndependentlyOfCompanionApp = YES;
				LD_RUNPATH_SEARCH_PATHS = (
					"$(inherited)",
					"@executable_path/Frameworks",
					"@executable_path/../../Frameworks",
				);
				MARKETING_VERSION = 1.0;
				PRODUCT_BUNDLE_IDENTIFIER = com.VinWin.apps.FitPlant.watchkitapp.watchkitextension;
				PRODUCT_NAME = "${TARGET_NAME}";
				SDKROOT = watchos;
				SKIP_INSTALL = YES;
				SWIFT_EMIT_LOC_STRINGS = YES;
				SWIFT_VERSION = 5.0;
				TARGETED_DEVICE_FAMILY = 4;
				WATCHOS_DEPLOYMENT_TARGET = 8.0;
			};
			name = Debug;
		};
		E1E919DC271A5DFB008F2394 /* Release */ = {
			isa = XCBuildConfiguration;
			baseConfigurationReference = BDB3E00E9BCCF6C7B0A96F3B /* Pods-FitPlant WatchKit Extension.release.xcconfig */;
			buildSettings = {
				ASSETCATALOG_COMPILER_COMPLICATION_NAME = Complication;
				CODE_SIGN_ENTITLEMENTS = "FitPlant WatchKit Extension/FitPlant WatchKit Extension.entitlements";
				CODE_SIGN_STYLE = Automatic;
				CURRENT_PROJECT_VERSION = 1;
				DEVELOPMENT_TEAM = JAFM26WWR8;
				GENERATE_INFOPLIST_FILE = YES;
				INFOPLIST_FILE = "FitPlant WatchKit Extension/Info.plist";
				INFOPLIST_KEY_CFBundleDisplayName = "FitPlant WatchKit Extension";
				INFOPLIST_KEY_CLKComplicationPrincipalClass = FitPlant_WatchKit_Extension.ComplicationController;
				INFOPLIST_KEY_NSHealthShareUsageDescription = "FitPlant uses Health data to track daily steps.";
				INFOPLIST_KEY_NSHealthUpdateUsageDescription = "FitPlant uses Health data to track daily steps.";
				INFOPLIST_KEY_NSHumanReadableCopyright = "";
				INFOPLIST_KEY_WKExtensionDelegateClassName = FitPlant_WatchKit_Extension.ExtensionDelegate;
				INFOPLIST_KEY_WKRunsIndependentlyOfCompanionApp = YES;
				LD_RUNPATH_SEARCH_PATHS = (
					"$(inherited)",
					"@executable_path/Frameworks",
					"@executable_path/../../Frameworks",
				);
				MARKETING_VERSION = 1.0;
				PRODUCT_BUNDLE_IDENTIFIER = com.VinWin.apps.FitPlant.watchkitapp.watchkitextension;
				PRODUCT_NAME = "${TARGET_NAME}";
				SDKROOT = watchos;
				SKIP_INSTALL = YES;
				SWIFT_EMIT_LOC_STRINGS = YES;
				SWIFT_VERSION = 5.0;
				TARGETED_DEVICE_FAMILY = 4;
				VALIDATE_PRODUCT = YES;
				WATCHOS_DEPLOYMENT_TARGET = 8.0;
			};
			name = Release;
		};
		E1E919DF271A5DFB008F2394 /* Debug */ = {
			isa = XCBuildConfiguration;
			baseConfigurationReference = 5CC797E476BD0F9281B2A6CF /* Pods-FitPlant WatchKit App.debug.xcconfig */;
			buildSettings = {
				ALWAYS_EMBED_SWIFT_STANDARD_LIBRARIES = YES;
				ASSETCATALOG_COMPILER_APPICON_NAME = AppIcon;
				ASSETCATALOG_COMPILER_GLOBAL_ACCENT_COLOR_NAME = AccentColor;
				CODE_SIGN_STYLE = Automatic;
				CURRENT_PROJECT_VERSION = 1;
				DEVELOPMENT_TEAM = JAFM26WWR8;
				GENERATE_INFOPLIST_FILE = YES;
				IBSC_MODULE = FitPlant_WatchKit_Extension;
				INFOPLIST_KEY_CFBundleDisplayName = "FitPlant WatchKit App";
				INFOPLIST_KEY_UISupportedInterfaceOrientations = "UIInterfaceOrientationPortrait UIInterfaceOrientationPortraitUpsideDown";
				INFOPLIST_KEY_WKCompanionAppBundleIdentifier = com.VinWin.apps.FitPlant;
				MARKETING_VERSION = 1.0;
				PRODUCT_BUNDLE_IDENTIFIER = com.VinWin.apps.FitPlant.watchkitapp;
				PRODUCT_NAME = "$(TARGET_NAME)";
				SDKROOT = watchos;
				SKIP_INSTALL = YES;
				SWIFT_EMIT_LOC_STRINGS = YES;
				SWIFT_VERSION = 5.0;
				TARGETED_DEVICE_FAMILY = 4;
				WATCHOS_DEPLOYMENT_TARGET = 8.0;
			};
			name = Debug;
		};
		E1E919E0271A5DFB008F2394 /* Release */ = {
			isa = XCBuildConfiguration;
			baseConfigurationReference = ADC5251C221863AC6754EFD0 /* Pods-FitPlant WatchKit App.release.xcconfig */;
			buildSettings = {
				ALWAYS_EMBED_SWIFT_STANDARD_LIBRARIES = YES;
				ASSETCATALOG_COMPILER_APPICON_NAME = AppIcon;
				ASSETCATALOG_COMPILER_GLOBAL_ACCENT_COLOR_NAME = AccentColor;
				CODE_SIGN_STYLE = Automatic;
				CURRENT_PROJECT_VERSION = 1;
				DEVELOPMENT_TEAM = JAFM26WWR8;
				GENERATE_INFOPLIST_FILE = YES;
				IBSC_MODULE = FitPlant_WatchKit_Extension;
				INFOPLIST_KEY_CFBundleDisplayName = "FitPlant WatchKit App";
				INFOPLIST_KEY_UISupportedInterfaceOrientations = "UIInterfaceOrientationPortrait UIInterfaceOrientationPortraitUpsideDown";
				INFOPLIST_KEY_WKCompanionAppBundleIdentifier = com.VinWin.apps.FitPlant;
				MARKETING_VERSION = 1.0;
				PRODUCT_BUNDLE_IDENTIFIER = com.VinWin.apps.FitPlant.watchkitapp;
				PRODUCT_NAME = "$(TARGET_NAME)";
				SDKROOT = watchos;
				SKIP_INSTALL = YES;
				SWIFT_EMIT_LOC_STRINGS = YES;
				SWIFT_VERSION = 5.0;
				TARGETED_DEVICE_FAMILY = 4;
				VALIDATE_PRODUCT = YES;
				WATCHOS_DEPLOYMENT_TARGET = 8.0;
			};
			name = Release;
		};
		E1E919E3271A5DFB008F2394 /* Debug */ = {
			isa = XCBuildConfiguration;
			baseConfigurationReference = 5CD9CA5D2E1F513C22C2C0EA /* Pods-FitPlant.debug.xcconfig */;
			buildSettings = {
				ASSETCATALOG_COMPILER_APPICON_NAME = AppIcon;
				ASSETCATALOG_COMPILER_GLOBAL_ACCENT_COLOR_NAME = AccentColor;
				CODE_SIGN_ENTITLEMENTS = FitPlant/FitPlant.entitlements;
				CODE_SIGN_IDENTITY = "Apple Development";
				CODE_SIGN_STYLE = Automatic;
				CURRENT_PROJECT_VERSION = 1;
				DEVELOPMENT_TEAM = JAFM26WWR8;
				GENERATE_INFOPLIST_FILE = YES;
				INFOPLIST_FILE = FitPlant/Info.plist;
				INFOPLIST_KEY_CFBundleDisplayName = FitPlant;
				INFOPLIST_KEY_UIApplicationSupportsIndirectInputEvents = YES;
				INFOPLIST_KEY_UILaunchStoryboardName = LaunchScreen;
				INFOPLIST_KEY_UIMainStoryboardFile = Main;
				INFOPLIST_KEY_UISupportedInterfaceOrientations_iPad = "UIInterfaceOrientationPortrait UIInterfaceOrientationPortraitUpsideDown UIInterfaceOrientationLandscapeLeft UIInterfaceOrientationLandscapeRight";
				INFOPLIST_KEY_UISupportedInterfaceOrientations_iPhone = "UIInterfaceOrientationPortrait UIInterfaceOrientationLandscapeLeft UIInterfaceOrientationLandscapeRight";
				IPHONEOS_DEPLOYMENT_TARGET = 15.0;
				LD_RUNPATH_SEARCH_PATHS = (
					"$(inherited)",
					"@executable_path/Frameworks",
				);
				MARKETING_VERSION = 1.0;
				PRODUCT_BUNDLE_IDENTIFIER = com.VinWin.apps.FitPlant;
				PRODUCT_NAME = "$(TARGET_NAME)";
				PROVISIONING_PROFILE_SPECIFIER = "";
				SDKROOT = iphoneos;
				SWIFT_EMIT_LOC_STRINGS = YES;
				SWIFT_VERSION = 5.0;
				TARGETED_DEVICE_FAMILY = "1,2";
			};
			name = Debug;
		};
		E1E919E4271A5DFB008F2394 /* Release */ = {
			isa = XCBuildConfiguration;
			baseConfigurationReference = A05FCE1F971BB6E37F49BDF6 /* Pods-FitPlant.release.xcconfig */;
			buildSettings = {
				ASSETCATALOG_COMPILER_APPICON_NAME = AppIcon;
				ASSETCATALOG_COMPILER_GLOBAL_ACCENT_COLOR_NAME = AccentColor;
				CODE_SIGN_ENTITLEMENTS = FitPlant/FitPlant.entitlements;
				CODE_SIGN_IDENTITY = "Apple Development";
				CODE_SIGN_STYLE = Automatic;
				CURRENT_PROJECT_VERSION = 1;
				DEVELOPMENT_TEAM = JAFM26WWR8;
				GENERATE_INFOPLIST_FILE = YES;
				INFOPLIST_FILE = FitPlant/Info.plist;
				INFOPLIST_KEY_CFBundleDisplayName = FitPlant;
				INFOPLIST_KEY_UIApplicationSupportsIndirectInputEvents = YES;
				INFOPLIST_KEY_UILaunchStoryboardName = LaunchScreen;
				INFOPLIST_KEY_UIMainStoryboardFile = Main;
				INFOPLIST_KEY_UISupportedInterfaceOrientations_iPad = "UIInterfaceOrientationPortrait UIInterfaceOrientationPortraitUpsideDown UIInterfaceOrientationLandscapeLeft UIInterfaceOrientationLandscapeRight";
				INFOPLIST_KEY_UISupportedInterfaceOrientations_iPhone = "UIInterfaceOrientationPortrait UIInterfaceOrientationLandscapeLeft UIInterfaceOrientationLandscapeRight";
				IPHONEOS_DEPLOYMENT_TARGET = 15.0;
				LD_RUNPATH_SEARCH_PATHS = (
					"$(inherited)",
					"@executable_path/Frameworks",
				);
				MARKETING_VERSION = 1.0;
				PRODUCT_BUNDLE_IDENTIFIER = com.VinWin.apps.FitPlant;
				PRODUCT_NAME = "$(TARGET_NAME)";
				PROVISIONING_PROFILE_SPECIFIER = "";
				SDKROOT = iphoneos;
				SWIFT_EMIT_LOC_STRINGS = YES;
				SWIFT_VERSION = 5.0;
				TARGETED_DEVICE_FAMILY = "1,2";
				VALIDATE_PRODUCT = YES;
			};
			name = Release;
		};
/* End XCBuildConfiguration section */

/* Begin XCConfigurationList section */
		E1E919A3271A5DF5008F2394 /* Build configuration list for PBXProject "FitPlant" */ = {
			isa = XCConfigurationList;
			buildConfigurations = (
				E1E919D8271A5DFB008F2394 /* Debug */,
				E1E919D9271A5DFB008F2394 /* Release */,
			);
			defaultConfigurationIsVisible = 0;
			defaultConfigurationName = Release;
		};
		E1E919DA271A5DFB008F2394 /* Build configuration list for PBXNativeTarget "FitPlant WatchKit Extension" */ = {
			isa = XCConfigurationList;
			buildConfigurations = (
				E1E919DB271A5DFB008F2394 /* Debug */,
				E1E919DC271A5DFB008F2394 /* Release */,
			);
			defaultConfigurationIsVisible = 0;
			defaultConfigurationName = Release;
		};
		E1E919DE271A5DFB008F2394 /* Build configuration list for PBXNativeTarget "FitPlant WatchKit App" */ = {
			isa = XCConfigurationList;
			buildConfigurations = (
				E1E919DF271A5DFB008F2394 /* Debug */,
				E1E919E0271A5DFB008F2394 /* Release */,
			);
			defaultConfigurationIsVisible = 0;
			defaultConfigurationName = Release;
		};
		E1E919E2271A5DFB008F2394 /* Build configuration list for PBXNativeTarget "FitPlant" */ = {
			isa = XCConfigurationList;
			buildConfigurations = (
				E1E919E3271A5DFB008F2394 /* Debug */,
				E1E919E4271A5DFB008F2394 /* Release */,
			);
			defaultConfigurationIsVisible = 0;
			defaultConfigurationName = Release;
		};
/* End XCConfigurationList section */

/* Begin XCRemoteSwiftPackageReference section */
		E1B7B002271C27DF001F1624 /* XCRemoteSwiftPackageReference "firebase-ios-sdk" */ = {
			isa = XCRemoteSwiftPackageReference;
			repositoryURL = "https://github.com/firebase/firebase-ios-sdk.git";
			requirement = {
				kind = upToNextMajorVersion;
				minimumVersion = 8.0.0;
			};
		};
/* End XCRemoteSwiftPackageReference section */

/* Begin XCSwiftPackageProductDependency section */
		E1B7B003271C27DF001F1624 /* FirebaseDatabase */ = {
			isa = XCSwiftPackageProductDependency;
			package = E1B7B002271C27DF001F1624 /* XCRemoteSwiftPackageReference "firebase-ios-sdk" */;
			productName = FirebaseDatabase;
		};
/* End XCSwiftPackageProductDependency section */

/* Begin XCVersionGroup section */
		E1B7B005271C2993001F1624 /* WatchOsCoreData.xcdatamodeld */ = {
			isa = XCVersionGroup;
			children = (
				E1B7B006271C2993001F1624 /* WatchOsCoreData.xcdatamodel */,
			);
			currentVersion = E1B7B006271C2993001F1624 /* WatchOsCoreData.xcdatamodel */;
			path = WatchOsCoreData.xcdatamodeld;
			sourceTree = "<group>";
			versionGroupType = wrapper.xcdatamodel;
		};
/* End XCVersionGroup section */
	};
	rootObject = E1E919A0271A5DF5008F2394 /* Project object */;
}
